
Microsoft Visual Studio Solution File, Format Version 12.00
# Visual Studio Version 17
VisualStudioVersion = 17.7.34202.233
MinimumVisualStudioVersion = 10.0.40219.1
Project("{F184B08F-C81C-45F6-A57F-5ABD9991F28F}") = "SampleCRM", "SampleCRM\SampleCRM.vbproj", "{28706117-36BA-4183-8AB2-BC3048718765}"
EndProject
Project("{FAE04EC0-301F-11D3-BF4B-00C04F79EFBC}") = "SampleCRM.Browser", "SampleCRM.Browser\SampleCRM.Browser.csproj", "{FB1F1886-7E25-48C0-A96A-456CB5826608}"
EndProject
Project("{FAE04EC0-301F-11D3-BF4B-00C04F79EFBC}") = "SampleCRM.Simulator", "SampleCRM.Simulator\SampleCRM.Simulator.csproj", "{19C5A9EB-D7CF-403B-8439-7AF7F31227F9}"
EndProject
Project("{F184B08F-C81C-45F6-A57F-5ABD9991F28F}") = "SampleCRM.Web", "SampleCRM.Web\SampleCRM.Web.vbproj", "{A8AA986C-4AEF-489F-86EC-19029369765E}"
EndProject
Global
	GlobalSection(SolutionConfigurationPlatforms) = preSolution
		Debug|Any CPU = Debug|Any CPU
		Release|Any CPU = Release|Any CPU
	EndGlobalSection
	GlobalSection(ProjectConfigurationPlatforms) = postSolution
		{28706117-36BA-4183-8AB2-BC3048718765}.Debug|Any CPU.ActiveCfg = Debug|Any CPU
		{28706117-36BA-4183-8AB2-BC3048718765}.Debug|Any CPU.Build.0 = Debug|Any CPU
		{28706117-36BA-4183-8AB2-BC3048718765}.Release|Any CPU.ActiveCfg = Release|Any CPU
		{28706117-36BA-4183-8AB2-BC3048718765}.Release|Any CPU.Build.0 = Release|Any CPU
		{FB1F1886-7E25-48C0-A96A-456CB5826608}.Debug|Any CPU.ActiveCfg = Debug|Any CPU
		{FB1F1886-7E25-48C0-A96A-456CB5826608}.Debug|Any CPU.Build.0 = Debug|Any CPU
		{FB1F1886-7E25-48C0-A96A-456CB5826608}.Release|Any CPU.ActiveCfg = Release|Any CPU
		{FB1F1886-7E25-48C0-A96A-456CB5826608}.Release|Any CPU.Build.0 = Release|Any CPU
		{19C5A9EB-D7CF-403B-8439-7AF7F31227F9}.Debug|Any CPU.ActiveCfg = Debug|Any CPU
		{19C5A9EB-D7CF-403B-8439-7AF7F31227F9}.Debug|Any CPU.Build.0 = Debug|Any CPU
		{19C5A9EB-D7CF-403B-8439-7AF7F31227F9}.Release|Any CPU.ActiveCfg = Release|Any CPU
		{19C5A9EB-D7CF-403B-8439-7AF7F31227F9}.Release|Any CPU.Build.0 = Release|Any CPU
		{A8AA986C-4AEF-489F-86EC-19029369765E}.Debug|Any CPU.ActiveCfg = Debug|Any CPU
		{A8AA986C-4AEF-489F-86EC-19029369765E}.Debug|Any CPU.Build.0 = Debug|Any CPU
		{A8AA986C-4AEF-489F-86EC-19029369765E}.Release|Any CPU.ActiveCfg = Release|Any CPU
		{A8AA986C-4AEF-489F-86EC-19029369765E}.Release|Any CPU.Build.0 = Release|Any CPU
	EndGlobalSection
	GlobalSection(SolutionProperties) = preSolution
		HideSolutionNode = FALSE
	EndGlobalSection
	GlobalSection(ExtensibilityGlobals) = postSolution
		SolutionGuid = {FA931EA3-81C6-4C22-9F1C-72133B042CA3}
	EndGlobalSection
EndGlobal
